
Microsoft Visual Studio Solution File, Format Version 12.00
# Visual Studio 2013
VisualStudioVersion = 12.0.31101.0
MinimumVisualStudioVersion = 10.0.40219.1
Project("{FAE04EC0-301F-11D3-BF4B-00C04F79EFBC}") = "StorageSync.Watcher", "StorageSync.Watcher\StorageSync.Watcher.csproj", "{806BD6E2-101C-4756-ABF5-37BE6A1B016D}"
EndProject
Global
	GlobalSection(SolutionConfigurationPlatforms) = preSolution
		Debug|Any CPU = Debug|Any CPU
		Release|Any CPU = Release|Any CPU
	EndGlobalSection
	GlobalSection(ProjectConfigurationPlatforms) = postSolution
		{806BD6E2-101C-4756-ABF5-37BE6A1B016D}.Debug|Any CPU.ActiveCfg = Debug|Any CPU
		{806BD6E2-101C-4756-ABF5-37BE6A1B016D}.Debug|Any CPU.Build.0 = Debug|Any CPU
		{806BD6E2-101C-4756-ABF5-37BE6A1B016D}.Release|Any CPU.ActiveCfg = Release|Any CPU
		{806BD6E2-101C-4756-ABF5-37BE6A1B016D}.Release|Any CPU.Build.0 = Release|Any CPU
	EndGlobalSection
	GlobalSection(SolutionProperties) = preSolution
		HideSolutionNode = FALSE
	EndGlobalSection
EndGlobal
